
Microsoft Visual Studio Solution File, Format Version 12.00
# Visual Studio 15
VisualStudioVersion = 15.0.26228.64
MinimumVisualStudioVersion = 10.0.40219.1
Project("{FAE04EC0-301F-11D3-BF4B-00C04F79EFBC}") = "storage", "storage\storage.csproj", "{616F1E6F-6E23-402D-830E-884900AE6A76}"
	ProjectSection(ProjectDependencies) = postProject
		{8455F368-88F7-41C6-A080-6D5F36F076F2} = {8455F368-88F7-41C6-A080-6D5F36F076F2}
		{7C7B21F5-E8F6-4602-8300-2C9D824B81BA} = {7C7B21F5-E8F6-4602-8300-2C9D824B81BA}
	EndProjectSection
EndProject
Project("{FAE04EC0-301F-11D3-BF4B-00C04F79EFBC}") = "QdnAzureStorageLibrary", "QdnAzureStorageLibrary\QdnAzureStorageLibrary.csproj", "{7C7B21F5-E8F6-4602-8300-2C9D824B81BA}"
EndProject
Project("{FAE04EC0-301F-11D3-BF4B-00C04F79EFBC}") = "QdnAzureStorageModels", "QdnAzureStorageModels\QdnAzureStorageModels.csproj", "{8455F368-88F7-41C6-A080-6D5F36F076F2}"
EndProject
Global
	GlobalSection(SolutionConfigurationPlatforms) = preSolution
		Debug|Any CPU = Debug|Any CPU
		Release|Any CPU = Release|Any CPU
	EndGlobalSection
	GlobalSection(ProjectConfigurationPlatforms) = postSolution
		{616F1E6F-6E23-402D-830E-884900AE6A76}.Debug|Any CPU.ActiveCfg = Debug|Any CPU
		{616F1E6F-6E23-402D-830E-884900AE6A76}.Debug|Any CPU.Build.0 = Debug|Any CPU
		{616F1E6F-6E23-402D-830E-884900AE6A76}.Release|Any CPU.ActiveCfg = Release|Any CPU
		{616F1E6F-6E23-402D-830E-884900AE6A76}.Release|Any CPU.Build.0 = Release|Any CPU
		{7C7B21F5-E8F6-4602-8300-2C9D824B81BA}.Debug|Any CPU.ActiveCfg = Debug|Any CPU
		{7C7B21F5-E8F6-4602-8300-2C9D824B81BA}.Debug|Any CPU.Build.0 = Debug|Any CPU
		{7C7B21F5-E8F6-4602-8300-2C9D824B81BA}.Release|Any CPU.ActiveCfg = Release|Any CPU
		{7C7B21F5-E8F6-4602-8300-2C9D824B81BA}.Release|Any CPU.Build.0 = Release|Any CPU
		{8455F368-88F7-41C6-A080-6D5F36F076F2}.Debug|Any CPU.ActiveCfg = Debug|Any CPU
		{8455F368-88F7-41C6-A080-6D5F36F076F2}.Debug|Any CPU.Build.0 = Debug|Any CPU
		{8455F368-88F7-41C6-A080-6D5F36F076F2}.Release|Any CPU.ActiveCfg = Release|Any CPU
		{8455F368-88F7-41C6-A080-6D5F36F076F2}.Release|Any CPU.Build.0 = Release|Any CPU
	EndGlobalSection
	GlobalSection(SolutionProperties) = preSolution
		HideSolutionNode = FALSE
	EndGlobalSection
EndGlobal
